// !$*UTF8*$!
{
	archiveVersion = 1;
	classes = {
	};
	objectVersion = 55;
	objects = {

/* Begin PBXBuildFile section */
		2000FD44282BDB7400699DAF /* README.md in Resources */ = {isa = PBXBuildFile; fileRef = 2000FD43282BDB7400699DAF /* README.md */; };
		2000FD45282BDB7400699DAF /* README.md in Resources */ = {isa = PBXBuildFile; fileRef = 2000FD43282BDB7400699DAF /* README.md */; };
		2000FD46282BDB7400699DAF /* README.md in Resources */ = {isa = PBXBuildFile; fileRef = 2000FD43282BDB7400699DAF /* README.md */; };
		200250AD2861E53000C95330 /* hurt.wav in Resources */ = {isa = PBXBuildFile; fileRef = 200250AA2861E53000C95330 /* hurt.wav */; };
		200250AE2861E53000C95330 /* hurt.wav in Resources */ = {isa = PBXBuildFile; fileRef = 200250AA2861E53000C95330 /* hurt.wav */; };
		200250AF2861E53000C95330 /* hurt.wav in Resources */ = {isa = PBXBuildFile; fileRef = 200250AA2861E53000C95330 /* hurt.wav */; };
		200250B02861E53000C95330 /* jump.wav in Resources */ = {isa = PBXBuildFile; fileRef = 200250AB2861E53000C95330 /* jump.wav */; };
		200250B12861E53000C95330 /* jump.wav in Resources */ = {isa = PBXBuildFile; fileRef = 200250AB2861E53000C95330 /* jump.wav */; };
		200250B22861E53000C95330 /* jump.wav in Resources */ = {isa = PBXBuildFile; fileRef = 200250AB2861E53000C95330 /* jump.wav */; };
		200250B32861E53000C95330 /* level1.mp3 in Resources */ = {isa = PBXBuildFile; fileRef = 200250AC2861E53000C95330 /* level1.mp3 */; };
		200250B42861E53000C95330 /* level1.mp3 in Resources */ = {isa = PBXBuildFile; fileRef = 200250AC2861E53000C95330 /* level1.mp3 */; };
		200250B52861E53000C95330 /* level1.mp3 in Resources */ = {isa = PBXBuildFile; fileRef = 200250AC2861E53000C95330 /* level1.mp3 */; };
		2014E98428168E6100A12253 /* Player.swift in Sources */ = {isa = PBXBuildFile; fileRef = 2014E98328168E6100A12253 /* Player.swift */; };
		2014E98528168E6100A12253 /* Player.swift in Sources */ = {isa = PBXBuildFile; fileRef = 2014E98328168E6100A12253 /* Player.swift */; };
		201F5D2F286C401200C435AF /* PEMSuperKoalio.png in Resources */ = {isa = PBXBuildFile; fileRef = 201F5D2E286C401200C435AF /* PEMSuperKoalio.png */; };
		201F5D30286C401200C435AF /* PEMSuperKoalio.png in Resources */ = {isa = PBXBuildFile; fileRef = 201F5D2E286C401200C435AF /* PEMSuperKoalio.png */; };
		201F5D31286C401200C435AF /* PEMSuperKoalio.png in Resources */ = {isa = PBXBuildFile; fileRef = 201F5D2E286C401200C435AF /* PEMSuperKoalio.png */; };
		201F5D34286C470300C435AF /* PEMTileMap in Frameworks */ = {isa = PBXBuildFile; productRef = 201F5D33286C470300C435AF /* PEMTileMap */; };
		201F5D37286C471D00C435AF /* PEMTileMap in Frameworks */ = {isa = PBXBuildFile; productRef = 201F5D36286C471D00C435AF /* PEMTileMap */; };
		201F5D3A286C472500C435AF /* PEMTileMap in Frameworks */ = {isa = PBXBuildFile; productRef = 201F5D39286C472500C435AF /* PEMTileMap */; };
		2037A5D628258C4900E13452 /* AppDelegate.swift in Sources */ = {isa = PBXBuildFile; fileRef = 2037A5D528258C4900E13452 /* AppDelegate.swift */; };
		2037A5DE28258C4900E13452 /* GameViewController.swift in Sources */ = {isa = PBXBuildFile; fileRef = 2037A5DD28258C4900E13452 /* GameViewController.swift */; };
		2037A5E128258C4900E13452 /* Main.storyboard in Resources */ = {isa = PBXBuildFile; fileRef = 2037A5DF28258C4900E13452 /* Main.storyboard */; };
		2037A5E628258C4A00E13452 /* LaunchScreen.storyboard in Resources */ = {isa = PBXBuildFile; fileRef = 2037A5E428258C4A00E13452 /* LaunchScreen.storyboard */; };
		2037A5EA28258D9A00E13452 /* Assets.xcassets in Resources */ = {isa = PBXBuildFile; fileRef = 207D3DB02812AD5700FC4C77 /* Assets.xcassets */; };
		2037A5EC28258DA000E13452 /* GameScene.swift in Sources */ = {isa = PBXBuildFile; fileRef = 207D3DAF2812AD5600FC4C77 /* GameScene.swift */; };
		2037A5ED28258DA300E13452 /* Player.swift in Sources */ = {isa = PBXBuildFile; fileRef = 2014E98328168E6100A12253 /* Player.swift */; };
		2037A5EE28258DA500E13452 /* GameController.swift in Sources */ = {isa = PBXBuildFile; fileRef = 20CA139D2818168600797A7C /* GameController.swift */; };
		206587DB286086EB00DED69C /* sprites.atlas in Resources */ = {isa = PBXBuildFile; fileRef = 206587DA286086EB00DED69C /* sprites.atlas */; };
		206587DC286086EB00DED69C /* sprites.atlas in Resources */ = {isa = PBXBuildFile; fileRef = 206587DA286086EB00DED69C /* sprites.atlas */; };
		206587DD286086EB00DED69C /* sprites.atlas in Resources */ = {isa = PBXBuildFile; fileRef = 206587DA286086EB00DED69C /* sprites.atlas */; };
		207D3DB92812AD5700FC4C77 /* AppDelegate.swift in Sources */ = {isa = PBXBuildFile; fileRef = 207D3DB82812AD5700FC4C77 /* AppDelegate.swift */; };
		207D3DBB2812AD5700FC4C77 /* GameViewController.swift in Sources */ = {isa = PBXBuildFile; fileRef = 207D3DBA2812AD5700FC4C77 /* GameViewController.swift */; };
		207D3DBE2812AD5700FC4C77 /* Main.storyboard in Resources */ = {isa = PBXBuildFile; fileRef = 207D3DBC2812AD5700FC4C77 /* Main.storyboard */; };
		207D3DC12812AD5700FC4C77 /* LaunchScreen.storyboard in Resources */ = {isa = PBXBuildFile; fileRef = 207D3DBF2812AD5700FC4C77 /* LaunchScreen.storyboard */; };
		207D3DC92812AD5700FC4C77 /* AppDelegate.swift in Sources */ = {isa = PBXBuildFile; fileRef = 207D3DC82812AD5700FC4C77 /* AppDelegate.swift */; };
		207D3DCE2812AD5700FC4C77 /* Main.storyboard in Resources */ = {isa = PBXBuildFile; fileRef = 207D3DCC2812AD5700FC4C77 /* Main.storyboard */; };
		207D3DD42812AD5700FC4C77 /* GameScene.swift in Sources */ = {isa = PBXBuildFile; fileRef = 207D3DAF2812AD5600FC4C77 /* GameScene.swift */; };
		207D3DD52812AD5700FC4C77 /* GameScene.swift in Sources */ = {isa = PBXBuildFile; fileRef = 207D3DAF2812AD5600FC4C77 /* GameScene.swift */; };
		207D3DD62812AD5700FC4C77 /* Assets.xcassets in Resources */ = {isa = PBXBuildFile; fileRef = 207D3DB02812AD5700FC4C77 /* Assets.xcassets */; };
		207D3DD72812AD5700FC4C77 /* Assets.xcassets in Resources */ = {isa = PBXBuildFile; fileRef = 207D3DB02812AD5700FC4C77 /* Assets.xcassets */; };
		209C7D232868416900D18649 /* replay.png in Resources */ = {isa = PBXBuildFile; fileRef = 209C7D222868416900D18649 /* replay.png */; };
		209C7D242868416900D18649 /* replay.png in Resources */ = {isa = PBXBuildFile; fileRef = 209C7D222868416900D18649 /* replay.png */; };
		209C7D252868416900D18649 /* replay.png in Resources */ = {isa = PBXBuildFile; fileRef = 209C7D222868416900D18649 /* replay.png */; };
		20AC2002283CFF5E00BE83F0 /* superkoalio.tmx in Resources */ = {isa = PBXBuildFile; fileRef = 20AC1FFF283CFF5E00BE83F0 /* superkoalio.tmx */; };
		20AC2003283CFF5E00BE83F0 /* superkoalio.tmx in Resources */ = {isa = PBXBuildFile; fileRef = 20AC1FFF283CFF5E00BE83F0 /* superkoalio.tmx */; };
		20AC2004283CFF5E00BE83F0 /* superkoalio.tmx in Resources */ = {isa = PBXBuildFile; fileRef = 20AC1FFF283CFF5E00BE83F0 /* superkoalio.tmx */; };
		20AC2005283CFF5E00BE83F0 /* tileSet.tsx in Resources */ = {isa = PBXBuildFile; fileRef = 20AC2000283CFF5E00BE83F0 /* tileSet.tsx */; };
		20AC2006283CFF5E00BE83F0 /* tileSet.tsx in Resources */ = {isa = PBXBuildFile; fileRef = 20AC2000283CFF5E00BE83F0 /* tileSet.tsx */; };
		20AC2007283CFF5E00BE83F0 /* tileSet.tsx in Resources */ = {isa = PBXBuildFile; fileRef = 20AC2000283CFF5E00BE83F0 /* tileSet.tsx */; };
		20AC2008283CFF5E00BE83F0 /* superkoalio.png in Resources */ = {isa = PBXBuildFile; fileRef = 20AC2001283CFF5E00BE83F0 /* superkoalio.png */; };
		20AC2009283CFF5E00BE83F0 /* superkoalio.png in Resources */ = {isa = PBXBuildFile; fileRef = 20AC2001283CFF5E00BE83F0 /* superkoalio.png */; };
		20AC200A283CFF5E00BE83F0 /* superkoalio.png in Resources */ = {isa = PBXBuildFile; fileRef = 20AC2001283CFF5E00BE83F0 /* superkoalio.png */; };
		20CA139B281815DD00797A7C /* GameViewController.swift in Sources */ = {isa = PBXBuildFile; fileRef = 20CA139A281815DD00797A7C /* GameViewController.swift */; };
		20CA139E2818168600797A7C /* GameController.swift in Sources */ = {isa = PBXBuildFile; fileRef = 20CA139D2818168600797A7C /* GameController.swift */; };
		20CA139F2818168600797A7C /* GameController.swift in Sources */ = {isa = PBXBuildFile; fileRef = 20CA139D2818168600797A7C /* GameController.swift */; };
		20EB0334283A7189000233FD /* CG+Extensions.swift in Sources */ = {isa = PBXBuildFile; fileRef = 20EB0333283A7189000233FD /* CG+Extensions.swift */; };
		20EB0335283A7189000233FD /* CG+Extensions.swift in Sources */ = {isa = PBXBuildFile; fileRef = 20EB0333283A7189000233FD /* CG+Extensions.swift */; };
		20EB0336283A7189000233FD /* CG+Extensions.swift in Sources */ = {isa = PBXBuildFile; fileRef = 20EB0333283A7189000233FD /* CG+Extensions.swift */; };
/* End PBXBuildFile section */

/* Begin PBXFileReference section */
		2000FD43282BDB7400699DAF /* README.md */ = {isa = PBXFileReference; fileEncoding = 4; lastKnownFileType = net.daringfireball.markdown; path = README.md; sourceTree = "<group>"; };
		200250A62861BDC100C95330 /* PEMSuperKoalio.app */ = {isa = PBXFileReference; explicitFileType = wrapper.application; includeInIndex = 0; path = PEMSuperKoalio.app; sourceTree = BUILT_PRODUCTS_DIR; };
		200250A72861BDC100C95330 /* PEMSuperKoalio.app */ = {isa = PBXFileReference; explicitFileType = wrapper.application; includeInIndex = 0; path = PEMSuperKoalio.app; sourceTree = BUILT_PRODUCTS_DIR; };
		200250A82861BDC100C95330 /* PEMSuperKoalio.app */ = {isa = PBXFileReference; explicitFileType = wrapper.application; includeInIndex = 0; path = PEMSuperKoalio.app; sourceTree = BUILT_PRODUCTS_DIR; };
		200250AA2861E53000C95330 /* hurt.wav */ = {isa = PBXFileReference; lastKnownFileType = audio.wav; path = hurt.wav; sourceTree = "<group>"; };
		200250AB2861E53000C95330 /* jump.wav */ = {isa = PBXFileReference; lastKnownFileType = audio.wav; path = jump.wav; sourceTree = "<group>"; };
		200250AC2861E53000C95330 /* level1.mp3 */ = {isa = PBXFileReference; lastKnownFileType = audio.mp3; path = level1.mp3; sourceTree = "<group>"; };
		2014E98328168E6100A12253 /* Player.swift */ = {isa = PBXFileReference; lastKnownFileType = sourcecode.swift; path = Player.swift; sourceTree = "<group>"; };
		201F5D2E286C401200C435AF /* PEMSuperKoalio.png */ = {isa = PBXFileReference; lastKnownFileType = image.png; path = PEMSuperKoalio.png; sourceTree = "<group>"; };
		2037A5D528258C4900E13452 /* AppDelegate.swift */ = {isa = PBXFileReference; lastKnownFileType = sourcecode.swift; path = AppDelegate.swift; sourceTree = "<group>"; };
		2037A5DD28258C4900E13452 /* GameViewController.swift */ = {isa = PBXFileReference; lastKnownFileType = sourcecode.swift; path = GameViewController.swift; sourceTree = "<group>"; };
		2037A5E028258C4900E13452 /* Base */ = {isa = PBXFileReference; lastKnownFileType = file.storyboard; name = Base; path = Base.lproj/Main.storyboard; sourceTree = "<group>"; };
		2037A5E528258C4A00E13452 /* Base */ = {isa = PBXFileReference; lastKnownFileType = file.storyboard; name = Base; path = Base.lproj/LaunchScreen.storyboard; sourceTree = "<group>"; };
		206587DA286086EB00DED69C /* sprites.atlas */ = {isa = PBXFileReference; lastKnownFileType = folder.skatlas; path = sprites.atlas; sourceTree = "<group>"; };
		207D3DAF2812AD5600FC4C77 /* GameScene.swift */ = {isa = PBXFileReference; lastKnownFileType = sourcecode.swift; path = GameScene.swift; sourceTree = "<group>"; };
		207D3DB02812AD5700FC4C77 /* Assets.xcassets */ = {isa = PBXFileReference; lastKnownFileType = folder.assetcatalog; path = Assets.xcassets; sourceTree = "<group>"; };
		207D3DB82812AD5700FC4C77 /* AppDelegate.swift */ = {isa = PBXFileReference; lastKnownFileType = sourcecode.swift; path = AppDelegate.swift; sourceTree = "<group>"; };
		207D3DBA2812AD5700FC4C77 /* GameViewController.swift */ = {isa = PBXFileReference; lastKnownFileType = sourcecode.swift; path = GameViewController.swift; sourceTree = "<group>"; };
		207D3DBD2812AD5700FC4C77 /* Base */ = {isa = PBXFileReference; lastKnownFileType = file.storyboard; name = Base; path = Base.lproj/Main.storyboard; sourceTree = "<group>"; };
		207D3DC02812AD5700FC4C77 /* Base */ = {isa = PBXFileReference; lastKnownFileType = file.storyboard; name = Base; path = Base.lproj/LaunchScreen.storyboard; sourceTree = "<group>"; };
		207D3DC82812AD5700FC4C77 /* AppDelegate.swift */ = {isa = PBXFileReference; lastKnownFileType = sourcecode.swift; path = AppDelegate.swift; sourceTree = "<group>"; };
		207D3DCD2812AD5700FC4C77 /* Base */ = {isa = PBXFileReference; lastKnownFileType = file.storyboard; name = Base; path = Base.lproj/Main.storyboard; sourceTree = "<group>"; };
		209C7D222868416900D18649 /* replay.png */ = {isa = PBXFileReference; lastKnownFileType = image.png; path = replay.png; sourceTree = "<group>"; };
		20AC1FFF283CFF5E00BE83F0 /* superkoalio.tmx */ = {isa = PBXFileReference; fileEncoding = 4; lastKnownFileType = text.xml; path = superkoalio.tmx; sourceTree = "<group>"; };
		20AC2000283CFF5E00BE83F0 /* tileSet.tsx */ = {isa = PBXFileReference; fileEncoding = 4; lastKnownFileType = text.xml; path = tileSet.tsx; sourceTree = "<group>"; };
		20AC2001283CFF5E00BE83F0 /* superkoalio.png */ = {isa = PBXFileReference; lastKnownFileType = image.png; path = superkoalio.png; sourceTree = "<group>"; };
		20CA139A281815DD00797A7C /* GameViewController.swift */ = {isa = PBXFileReference; fileEncoding = 4; lastKnownFileType = sourcecode.swift; path = GameViewController.swift; sourceTree = "<group>"; };
		20CA139D2818168600797A7C /* GameController.swift */ = {isa = PBXFileReference; fileEncoding = 4; lastKnownFileType = sourcecode.swift; path = GameController.swift; sourceTree = "<group>"; };
		20EB0333283A7189000233FD /* CG+Extensions.swift */ = {isa = PBXFileReference; fileEncoding = 4; lastKnownFileType = sourcecode.swift; path = "CG+Extensions.swift"; sourceTree = "<group>"; };
/* End PBXFileReference section */

/* Begin PBXFrameworksBuildPhase section */
		2037A5D028258C4800E13452 /* Frameworks */ = {
			isa = PBXFrameworksBuildPhase;
			buildActionMask = 2147483647;
			files = (
				201F5D3A286C472500C435AF /* PEMTileMap in Frameworks */,
			);
			runOnlyForDeploymentPostprocessing = 0;
		};
		207D3DB22812AD5700FC4C77 /* Frameworks */ = {
			isa = PBXFrameworksBuildPhase;
			buildActionMask = 2147483647;
			files = (
				201F5D34286C470300C435AF /* PEMTileMap in Frameworks */,
			);
			runOnlyForDeploymentPostprocessing = 0;
		};
		207D3DC32812AD5700FC4C77 /* Frameworks */ = {
			isa = PBXFrameworksBuildPhase;
			buildActionMask = 2147483647;
			files = (
				201F5D37286C471D00C435AF /* PEMTileMap in Frameworks */,
			);
			runOnlyForDeploymentPostprocessing = 0;
		};
/* End PBXFrameworksBuildPhase section */

/* Begin PBXGroup section */
		200250A92861E53000C95330 /* Audio */ = {
			isa = PBXGroup;
			children = (
				200250AA2861E53000C95330 /* hurt.wav */,
				200250AB2861E53000C95330 /* jump.wav */,
				200250AC2861E53000C95330 /* level1.mp3 */,
			);
			path = Audio;
			sourceTree = "<group>";
		};
		201D43BA2839428100125433 /* PEMSuperKoalio */ = {
			isa = PBXGroup;
			children = (
				20EB0333283A7189000233FD /* CG+Extensions.swift */,
				2014E98328168E6100A12253 /* Player.swift */,
				207D3DAF2812AD5600FC4C77 /* GameScene.swift */,
				20CA139D2818168600797A7C /* GameController.swift */,
				20CA13A028181D5000797A7C /* Assets */,
				207D3DB02812AD5700FC4C77 /* Assets.xcassets */,
				207D3DB72812AD5700FC4C77 /* iOS */,
				2037A5D428258C4900E13452 /* tvOS */,
				207D3DC72812AD5700FC4C77 /* macOS */,
			);
			path = PEMSuperKoalio;
			sourceTree = "<group>";
		};
		2037A5D428258C4900E13452 /* tvOS */ = {
			isa = PBXGroup;
			children = (
				2037A5D528258C4900E13452 /* AppDelegate.swift */,
				2037A5DD28258C4900E13452 /* GameViewController.swift */,
				2037A5DF28258C4900E13452 /* Main.storyboard */,
				2037A5E428258C4A00E13452 /* LaunchScreen.storyboard */,
			);
			path = tvOS;
			sourceTree = "<group>";
		};
		2074E41F28181EDD002137A7 /* Frameworks */ = {
			isa = PBXGroup;
			children = (
			);
			name = Frameworks;
			sourceTree = "<group>";
		};
		207D3DA72812AD5600FC4C77 = {
			isa = PBXGroup;
			children = (
				2000FD43282BDB7400699DAF /* README.md */,
				201D43BA2839428100125433 /* PEMSuperKoalio */,
				2074E41F28181EDD002137A7 /* Frameworks */,
				200250A62861BDC100C95330 /* PEMSuperKoalio.app */,
				200250A72861BDC100C95330 /* PEMSuperKoalio.app */,
				200250A82861BDC100C95330 /* PEMSuperKoalio.app */,
			);
			sourceTree = "<group>";
		};
		207D3DB72812AD5700FC4C77 /* iOS */ = {
			isa = PBXGroup;
			children = (
				207D3DB82812AD5700FC4C77 /* AppDelegate.swift */,
				207D3DBA2812AD5700FC4C77 /* GameViewController.swift */,
				207D3DBC2812AD5700FC4C77 /* Main.storyboard */,
				207D3DBF2812AD5700FC4C77 /* LaunchScreen.storyboard */,
			);
			path = iOS;
			sourceTree = "<group>";
		};
		207D3DC72812AD5700FC4C77 /* macOS */ = {
			isa = PBXGroup;
			children = (
				207D3DC82812AD5700FC4C77 /* AppDelegate.swift */,
				20CA139A281815DD00797A7C /* GameViewController.swift */,
				207D3DCC2812AD5700FC4C77 /* Main.storyboard */,
			);
			path = macOS;
			sourceTree = "<group>";
		};
		20CA13A028181D5000797A7C /* Assets */ = {
			isa = PBXGroup;
			children = (
				200250A92861E53000C95330 /* Audio */,
				206587DA286086EB00DED69C /* sprites.atlas */,
				201F5D2E286C401200C435AF /* PEMSuperKoalio.png */,
				209C7D222868416900D18649 /* replay.png */,
				20AC2001283CFF5E00BE83F0 /* superkoalio.png */,
				20AC1FFF283CFF5E00BE83F0 /* superkoalio.tmx */,
				20AC2000283CFF5E00BE83F0 /* tileSet.tsx */,
			);
			path = Assets;
			sourceTree = "<group>";
		};
/* End PBXGroup section */

/* Begin PBXNativeTarget section */
		2037A5D228258C4800E13452 /* tvOS version */ = {
			isa = PBXNativeTarget;
			buildConfigurationList = 2037A5E728258C4A00E13452 /* Build configuration list for PBXNativeTarget "tvOS version" */;
			buildPhases = (
				2037A5CF28258C4800E13452 /* Sources */,
				2037A5D028258C4800E13452 /* Frameworks */,
				2037A5D128258C4800E13452 /* Resources */,
			);
			buildRules = (
			);
			dependencies = (
			);
			name = "tvOS version";
			packageProductDependencies = (
				201F5D39286C472500C435AF /* PEMTileMap */,
			);
			productName = pemtmxdemo;
			productReference = 200250A82861BDC100C95330 /* PEMSuperKoalio.app */;
			productType = "com.apple.product-type.application";
		};
		207D3DB42812AD5700FC4C77 /* iOS version */ = {
			isa = PBXNativeTarget;
			buildConfigurationList = 207D3DDA2812AD5700FC4C77 /* Build configuration list for PBXNativeTarget "iOS version" */;
			buildPhases = (
				207D3DB12812AD5700FC4C77 /* Sources */,
				207D3DB22812AD5700FC4C77 /* Frameworks */,
				207D3DB32812AD5700FC4C77 /* Resources */,
			);
			buildRules = (
			);
			dependencies = (
			);
			name = "iOS version";
			packageProductDependencies = (
				201F5D33286C470300C435AF /* PEMTileMap */,
			);
			productName = "Dotty The Kangaroo iOS";
			productReference = 200250A62861BDC100C95330 /* PEMSuperKoalio.app */;
			productType = "com.apple.product-type.application";
		};
		207D3DC52812AD5700FC4C77 /* macOS version */ = {
			isa = PBXNativeTarget;
			buildConfigurationList = 207D3DDD2812AD5700FC4C77 /* Build configuration list for PBXNativeTarget "macOS version" */;
			buildPhases = (
				207D3DC22812AD5700FC4C77 /* Sources */,
				207D3DC32812AD5700FC4C77 /* Frameworks */,
				207D3DC42812AD5700FC4C77 /* Resources */,
			);
			buildRules = (
			);
			dependencies = (
			);
			name = "macOS version";
			packageProductDependencies = (
				201F5D36286C471D00C435AF /* PEMTileMap */,
			);
			productName = "Dotty The Kangaroo macOS";
			productReference = 200250A72861BDC100C95330 /* PEMSuperKoalio.app */;
			productType = "com.apple.product-type.application";
		};
/* End PBXNativeTarget section */

/* Begin PBXProject section */
		207D3DA82812AD5600FC4C77 /* Project object */ = {
			isa = PBXProject;
			attributes = {
				BuildIndependentTargetsInParallel = 1;
				LastSwiftUpdateCheck = 1330;
				LastUpgradeCheck = 1340;
				TargetAttributes = {
					2037A5D228258C4800E13452 = {
						CreatedOnToolsVersion = 13.3.1;
					};
					207D3DB42812AD5700FC4C77 = {
						CreatedOnToolsVersion = 13.3.1;
					};
					207D3DC52812AD5700FC4C77 = {
						CreatedOnToolsVersion = 13.3.1;
					};
				};
			};
			buildConfigurationList = 207D3DAB2812AD5600FC4C77 /* Build configuration list for PBXProject "PEMSuperKoalio" */;
			compatibilityVersion = "Xcode 13.0";
			developmentRegion = en;
			hasScannedForEncodings = 0;
			knownRegions = (
				en,
				Base,
			);
			mainGroup = 207D3DA72812AD5600FC4C77;
			packageReferences = (
				201F5D32286C470300C435AF /* XCRemoteSwiftPackageReference "PEMTileMap" */,
			);
			productRefGroup = 207D3DA72812AD5600FC4C77;
			projectDirPath = "";
			projectRoot = "";
			targets = (
				207D3DB42812AD5700FC4C77 /* iOS version */,
				207D3DC52812AD5700FC4C77 /* macOS version */,
				2037A5D228258C4800E13452 /* tvOS version */,
			);
		};
/* End PBXProject section */

/* Begin PBXResourcesBuildPhase section */
		2037A5D128258C4800E13452 /* Resources */ = {
			isa = PBXResourcesBuildPhase;
			buildActionMask = 2147483647;
			files = (
				200250B22861E53000C95330 /* jump.wav in Resources */,
				20AC200A283CFF5E00BE83F0 /* superkoalio.png in Resources */,
				2037A5E128258C4900E13452 /* Main.storyboard in Resources */,
				206587DD286086EB00DED69C /* sprites.atlas in Resources */,
				20AC2007283CFF5E00BE83F0 /* tileSet.tsx in Resources */,
				20AC2004283CFF5E00BE83F0 /* superkoalio.tmx in Resources */,
				201F5D31286C401200C435AF /* PEMSuperKoalio.png in Resources */,
				2037A5EA28258D9A00E13452 /* Assets.xcassets in Resources */,
				200250AF2861E53000C95330 /* hurt.wav in Resources */,
				2000FD46282BDB7400699DAF /* README.md in Resources */,
				200250B52861E53000C95330 /* level1.mp3 in Resources */,
				209C7D252868416900D18649 /* replay.png in Resources */,
				2037A5E628258C4A00E13452 /* LaunchScreen.storyboard in Resources */,
			);
			runOnlyForDeploymentPostprocessing = 0;
		};
		207D3DB32812AD5700FC4C77 /* Resources */ = {
			isa = PBXResourcesBuildPhase;
			buildActionMask = 2147483647;
			files = (
				200250B02861E53000C95330 /* jump.wav in Resources */,
				20AC2008283CFF5E00BE83F0 /* superkoalio.png in Resources */,
				207D3DBE2812AD5700FC4C77 /* Main.storyboard in Resources */,
				206587DB286086EB00DED69C /* sprites.atlas in Resources */,
				207D3DC12812AD5700FC4C77 /* LaunchScreen.storyboard in Resources */,
				20AC2005283CFF5E00BE83F0 /* tileSet.tsx in Resources */,
				201F5D2F286C401200C435AF /* PEMSuperKoalio.png in Resources */,
				20AC2002283CFF5E00BE83F0 /* superkoalio.tmx in Resources */,
				200250AD2861E53000C95330 /* hurt.wav in Resources */,
				207D3DD62812AD5700FC4C77 /* Assets.xcassets in Resources */,
				200250B32861E53000C95330 /* level1.mp3 in Resources */,
				209C7D232868416900D18649 /* replay.png in Resources */,
				2000FD44282BDB7400699DAF /* README.md in Resources */,
			);
			runOnlyForDeploymentPostprocessing = 0;
		};
		207D3DC42812AD5700FC4C77 /* Resources */ = {
			isa = PBXResourcesBuildPhase;
			buildActionMask = 2147483647;
			files = (
				206587DC286086EB00DED69C /* sprites.atlas in Resources */,
				20AC2009283CFF5E00BE83F0 /* superkoalio.png in Resources */,
				207D3DCE2812AD5700FC4C77 /* Main.storyboard in Resources */,
				20AC2003283CFF5E00BE83F0 /* superkoalio.tmx in Resources */,
				2000FD45282BDB7400699DAF /* README.md in Resources */,
				201F5D30286C401200C435AF /* PEMSuperKoalio.png in Resources */,
				200250B42861E53000C95330 /* level1.mp3 in Resources */,
				209C7D242868416900D18649 /* replay.png in Resources */,
				20AC2006283CFF5E00BE83F0 /* tileSet.tsx in Resources */,
				200250B12861E53000C95330 /* jump.wav in Resources */,
				207D3DD72812AD5700FC4C77 /* Assets.xcassets in Resources */,
				200250AE2861E53000C95330 /* hurt.wav in Resources */,
			);
			runOnlyForDeploymentPostprocessing = 0;
		};
/* End PBXResourcesBuildPhase section */

/* Begin PBXSourcesBuildPhase section */
		2037A5CF28258C4800E13452 /* Sources */ = {
			isa = PBXSourcesBuildPhase;
			buildActionMask = 2147483647;
			files = (
				2037A5EE28258DA500E13452 /* GameController.swift in Sources */,
				2037A5DE28258C4900E13452 /* GameViewController.swift in Sources */,
				20EB0336283A7189000233FD /* CG+Extensions.swift in Sources */,
				2037A5EC28258DA000E13452 /* GameScene.swift in Sources */,
				2037A5ED28258DA300E13452 /* Player.swift in Sources */,
				2037A5D628258C4900E13452 /* AppDelegate.swift in Sources */,
			);
			runOnlyForDeploymentPostprocessing = 0;
		};
		207D3DB12812AD5700FC4C77 /* Sources */ = {
			isa = PBXSourcesBuildPhase;
			buildActionMask = 2147483647;
			files = (
				2014E98428168E6100A12253 /* Player.swift in Sources */,
				20EB0334283A7189000233FD /* CG+Extensions.swift in Sources */,
				207D3DD42812AD5700FC4C77 /* GameScene.swift in Sources */,
				207D3DBB2812AD5700FC4C77 /* GameViewController.swift in Sources */,
				207D3DB92812AD5700FC4C77 /* AppDelegate.swift in Sources */,
				20CA139E2818168600797A7C /* GameController.swift in Sources */,
			);
			runOnlyForDeploymentPostprocessing = 0;
		};
		207D3DC22812AD5700FC4C77 /* Sources */ = {
			isa = PBXSourcesBuildPhase;
			buildActionMask = 2147483647;
			files = (
				2014E98528168E6100A12253 /* Player.swift in Sources */,
				20EB0335283A7189000233FD /* CG+Extensions.swift in Sources */,
				207D3DD52812AD5700FC4C77 /* GameScene.swift in Sources */,
				20CA139B281815DD00797A7C /* GameViewController.swift in Sources */,
				207D3DC92812AD5700FC4C77 /* AppDelegate.swift in Sources */,
				20CA139F2818168600797A7C /* GameController.swift in Sources */,
			);
			runOnlyForDeploymentPostprocessing = 0;
		};
/* End PBXSourcesBuildPhase section */

/* Begin PBXVariantGroup section */
		2037A5DF28258C4900E13452 /* Main.storyboard */ = {
			isa = PBXVariantGroup;
			children = (
				2037A5E028258C4900E13452 /* Base */,
			);
			name = Main.storyboard;
			sourceTree = "<group>";
		};
		2037A5E428258C4A00E13452 /* LaunchScreen.storyboard */ = {
			isa = PBXVariantGroup;
			children = (
				2037A5E528258C4A00E13452 /* Base */,
			);
			name = LaunchScreen.storyboard;
			sourceTree = "<group>";
		};
		207D3DBC2812AD5700FC4C77 /* Main.storyboard */ = {
			isa = PBXVariantGroup;
			children = (
				207D3DBD2812AD5700FC4C77 /* Base */,
			);
			name = Main.storyboard;
			sourceTree = "<group>";
		};
		207D3DBF2812AD5700FC4C77 /* LaunchScreen.storyboard */ = {
			isa = PBXVariantGroup;
			children = (
				207D3DC02812AD5700FC4C77 /* Base */,
			);
			name = LaunchScreen.storyboard;
			sourceTree = "<group>";
		};
		207D3DCC2812AD5700FC4C77 /* Main.storyboard */ = {
			isa = PBXVariantGroup;
			children = (
				207D3DCD2812AD5700FC4C77 /* Base */,
			);
			name = Main.storyboard;
			sourceTree = "<group>";
		};
/* End PBXVariantGroup section */

/* Begin XCBuildConfiguration section */
		2037A5E828258C4A00E13452 /* Debug */ = {
			isa = XCBuildConfiguration;
			buildSettings = {
				ASSETCATALOG_COMPILER_APPICON_NAME = "App Icon & Top Shelf Image";
				ASSETCATALOG_COMPILER_GLOBAL_ACCENT_COLOR_NAME = AccentColor;
				CODE_SIGN_STYLE = Manual;
				CURRENT_PROJECT_VERSION = 1;
				DEVELOPMENT_TEAM = "";
				GENERATE_INFOPLIST_FILE = YES;
				INFOPLIST_KEY_CFBundleDisplayName = PEMSuperKoalio;
				INFOPLIST_KEY_UILaunchStoryboardName = LaunchScreen;
				INFOPLIST_KEY_UIMainStoryboardFile = Main;
				INFOPLIST_KEY_UIUserInterfaceStyle = Automatic;
				LD_RUNPATH_SEARCH_PATHS = (
					"$(inherited)",
					"@executable_path/Frameworks",
				);
				MARKETING_VERSION = 1.1;
				PROVISIONING_PROFILE_SPECIFIER = "";
				SDKROOT = appletvos;
				SWIFT_EMIT_LOC_STRINGS = YES;
				SWIFT_VERSION = 5.0;
				TARGETED_DEVICE_FAMILY = 3;
			};
			name = Debug;
		};
		2037A5E928258C4A00E13452 /* Release */ = {
			isa = XCBuildConfiguration;
			buildSettings = {
				ASSETCATALOG_COMPILER_APPICON_NAME = "App Icon & Top Shelf Image";
				ASSETCATALOG_COMPILER_GLOBAL_ACCENT_COLOR_NAME = AccentColor;
				CODE_SIGN_STYLE = Manual;
				CURRENT_PROJECT_VERSION = 1;
				DEVELOPMENT_TEAM = "";
				GENERATE_INFOPLIST_FILE = YES;
				INFOPLIST_KEY_CFBundleDisplayName = PEMSuperKoalio;
				INFOPLIST_KEY_UILaunchStoryboardName = LaunchScreen;
				INFOPLIST_KEY_UIMainStoryboardFile = Main;
				INFOPLIST_KEY_UIUserInterfaceStyle = Automatic;
				LD_RUNPATH_SEARCH_PATHS = (
					"$(inherited)",
					"@executable_path/Frameworks",
				);
				MARKETING_VERSION = 1.1;
				PROVISIONING_PROFILE_SPECIFIER = "";
				SDKROOT = appletvos;
				SWIFT_EMIT_LOC_STRINGS = YES;
				SWIFT_VERSION = 5.0;
				TARGETED_DEVICE_FAMILY = 3;
				VALIDATE_PRODUCT = YES;
			};
			name = Release;
		};
		207D3DD82812AD5700FC4C77 /* Debug */ = {
			isa = XCBuildConfiguration;
			buildSettings = {
				ALWAYS_SEARCH_USER_PATHS = NO;
				CLANG_ANALYZER_NONNULL = YES;
				CLANG_ANALYZER_NUMBER_OBJECT_CONVERSION = YES_AGGRESSIVE;
				CLANG_CXX_LANGUAGE_STANDARD = "gnu++17";
				CLANG_ENABLE_MODULES = YES;
				CLANG_ENABLE_OBJC_ARC = YES;
				CLANG_ENABLE_OBJC_WEAK = YES;
				CLANG_WARN_BLOCK_CAPTURE_AUTORELEASING = YES;
				CLANG_WARN_BOOL_CONVERSION = YES;
				CLANG_WARN_COMMA = YES;
				CLANG_WARN_CONSTANT_CONVERSION = YES;
				CLANG_WARN_DEPRECATED_OBJC_IMPLEMENTATIONS = YES;
				CLANG_WARN_DIRECT_OBJC_ISA_USAGE = YES_ERROR;
				CLANG_WARN_DOCUMENTATION_COMMENTS = YES;
				CLANG_WARN_EMPTY_BODY = YES;
				CLANG_WARN_ENUM_CONVERSION = YES;
				CLANG_WARN_INFINITE_RECURSION = YES;
				CLANG_WARN_INT_CONVERSION = YES;
				CLANG_WARN_NON_LITERAL_NULL_CONVERSION = YES;
				CLANG_WARN_OBJC_IMPLICIT_RETAIN_SELF = YES;
				CLANG_WARN_OBJC_LITERAL_CONVERSION = YES;
				CLANG_WARN_OBJC_ROOT_CLASS = YES_ERROR;
				CLANG_WARN_QUOTED_INCLUDE_IN_FRAMEWORK_HEADER = YES;
				CLANG_WARN_RANGE_LOOP_ANALYSIS = YES;
				CLANG_WARN_STRICT_PROTOTYPES = YES;
				CLANG_WARN_SUSPICIOUS_MOVE = YES;
				CLANG_WARN_UNGUARDED_AVAILABILITY = YES_AGGRESSIVE;
				CLANG_WARN_UNREACHABLE_CODE = YES;
				CLANG_WARN__DUPLICATE_METHOD_MATCH = YES;
				COPY_PHASE_STRIP = NO;
				DEBUG_INFORMATION_FORMAT = dwarf;
				ENABLE_STRICT_OBJC_MSGSEND = YES;
				ENABLE_TESTABILITY = YES;
				GCC_C_LANGUAGE_STANDARD = gnu11;
				GCC_DYNAMIC_NO_PIC = NO;
				GCC_NO_COMMON_BLOCKS = YES;
				GCC_OPTIMIZATION_LEVEL = 0;
				GCC_PREPROCESSOR_DEFINITIONS = (
					"DEBUG=1",
					"$(inherited)",
				);
				GCC_WARN_64_TO_32_BIT_CONVERSION = YES;
				GCC_WARN_ABOUT_RETURN_TYPE = YES_ERROR;
				GCC_WARN_UNDECLARED_SELECTOR = YES;
				GCC_WARN_UNINITIALIZED_AUTOS = YES_AGGRESSIVE;
				GCC_WARN_UNUSED_FUNCTION = YES;
				GCC_WARN_UNUSED_VARIABLE = YES;
				INFOPLIST_KEY_CFBundleDisplayName = PEMSuperKoalio;
				IPHONEOS_DEPLOYMENT_TARGET = 13.6;
				MACOSX_DEPLOYMENT_TARGET = 10.15;
				MTL_ENABLE_DEBUG_INFO = INCLUDE_SOURCE;
				MTL_FAST_MATH = YES;
				ONLY_ACTIVE_ARCH = YES;
				PRODUCT_BUNDLE_IDENTIFIER = "nl.p-edge.pemsuperkoalio";
				PRODUCT_NAME = PEMSuperKoalio;
				SWIFT_ACTIVE_COMPILATION_CONDITIONS = DEBUG;
				SWIFT_OPTIMIZATION_LEVEL = "-Onone";
				TVOS_DEPLOYMENT_TARGET = 13.4;
			};
			name = Debug;
		};
		207D3DD92812AD5700FC4C77 /* Release */ = {
			isa = XCBuildConfiguration;
			buildSettings = {
				ALWAYS_SEARCH_USER_PATHS = NO;
				CLANG_ANALYZER_NONNULL = YES;
				CLANG_ANALYZER_NUMBER_OBJECT_CONVERSION = YES_AGGRESSIVE;
				CLANG_CXX_LANGUAGE_STANDARD = "gnu++17";
				CLANG_ENABLE_MODULES = YES;
				CLANG_ENABLE_OBJC_ARC = YES;
				CLANG_ENABLE_OBJC_WEAK = YES;
				CLANG_WARN_BLOCK_CAPTURE_AUTORELEASING = YES;
				CLANG_WARN_BOOL_CONVERSION = YES;
				CLANG_WARN_COMMA = YES;
				CLANG_WARN_CONSTANT_CONVERSION = YES;
				CLANG_WARN_DEPRECATED_OBJC_IMPLEMENTATIONS = YES;
				CLANG_WARN_DIRECT_OBJC_ISA_USAGE = YES_ERROR;
				CLANG_WARN_DOCUMENTATION_COMMENTS = YES;
				CLANG_WARN_EMPTY_BODY = YES;
				CLANG_WARN_ENUM_CONVERSION = YES;
				CLANG_WARN_INFINITE_RECURSION = YES;
				CLANG_WARN_INT_CONVERSION = YES;
				CLANG_WARN_NON_LITERAL_NULL_CONVERSION = YES;
				CLANG_WARN_OBJC_IMPLICIT_RETAIN_SELF = YES;
				CLANG_WARN_OBJC_LITERAL_CONVERSION = YES;
				CLANG_WARN_OBJC_ROOT_CLASS = YES_ERROR;
				CLANG_WARN_QUOTED_INCLUDE_IN_FRAMEWORK_HEADER = YES;
				CLANG_WARN_RANGE_LOOP_ANALYSIS = YES;
				CLANG_WARN_STRICT_PROTOTYPES = YES;
				CLANG_WARN_SUSPICIOUS_MOVE = YES;
				CLANG_WARN_UNGUARDED_AVAILABILITY = YES_AGGRESSIVE;
				CLANG_WARN_UNREACHABLE_CODE = YES;
				CLANG_WARN__DUPLICATE_METHOD_MATCH = YES;
				COPY_PHASE_STRIP = NO;
				DEBUG_INFORMATION_FORMAT = "dwarf-with-dsym";
				ENABLE_NS_ASSERTIONS = NO;
				ENABLE_STRICT_OBJC_MSGSEND = YES;
				GCC_C_LANGUAGE_STANDARD = gnu11;
				GCC_NO_COMMON_BLOCKS = YES;
				GCC_WARN_64_TO_32_BIT_CONVERSION = YES;
				GCC_WARN_ABOUT_RETURN_TYPE = YES_ERROR;
				GCC_WARN_UNDECLARED_SELECTOR = YES;
				GCC_WARN_UNINITIALIZED_AUTOS = YES_AGGRESSIVE;
				GCC_WARN_UNUSED_FUNCTION = YES;
				GCC_WARN_UNUSED_VARIABLE = YES;
				INFOPLIST_KEY_CFBundleDisplayName = PEMSuperKoalio;
				IPHONEOS_DEPLOYMENT_TARGET = 13.6;
				MACOSX_DEPLOYMENT_TARGET = 10.15;
				MTL_ENABLE_DEBUG_INFO = NO;
				MTL_FAST_MATH = YES;
				PRODUCT_BUNDLE_IDENTIFIER = "nl.p-edge.pemsuperkoalio";
				PRODUCT_NAME = PEMSuperKoalio;
				SWIFT_COMPILATION_MODE = wholemodule;
				SWIFT_OPTIMIZATION_LEVEL = "-O";
				TVOS_DEPLOYMENT_TARGET = 13.4;
			};
			name = Release;
		};
		207D3DDB2812AD5700FC4C77 /* Debug */ = {
			isa = XCBuildConfiguration;
			buildSettings = {
				ASSETCATALOG_COMPILER_APPICON_NAME = AppIcon;
				ASSETCATALOG_COMPILER_GLOBAL_ACCENT_COLOR_NAME = AccentColor;
				CODE_SIGN_STYLE = Manual;
				CURRENT_PROJECT_VERSION = 1;
				DEVELOPMENT_TEAM = "";
				GENERATE_INFOPLIST_FILE = YES;
				INFOPLIST_KEY_CFBundleDisplayName = PEMSuperKoalio;
				INFOPLIST_KEY_UIApplicationSupportsIndirectInputEvents = YES;
				INFOPLIST_KEY_UILaunchStoryboardName = LaunchScreen;
				INFOPLIST_KEY_UIMainStoryboardFile = Main;
				INFOPLIST_KEY_UIRequiresFullScreen = YES;
				INFOPLIST_KEY_UIStatusBarHidden = YES;
				INFOPLIST_KEY_UISupportedInterfaceOrientations = "UIInterfaceOrientationLandscapeLeft UIInterfaceOrientationLandscapeRight";
				INFOPLIST_KEY_UISupportedInterfaceOrientations_iPad = "UIInterfaceOrientationPortrait UIInterfaceOrientationPortraitUpsideDown UIInterfaceOrientationLandscapeLeft UIInterfaceOrientationLandscapeRight";
				INFOPLIST_KEY_UISupportedInterfaceOrientations_iPhone = "UIInterfaceOrientationPortrait UIInterfaceOrientationLandscapeLeft UIInterfaceOrientationLandscapeRight";
				LD_RUNPATH_SEARCH_PATHS = (
					"$(inherited)",
					"@executable_path/Frameworks",
				);
				MARKETING_VERSION = 1.1;
				PROVISIONING_PROFILE_SPECIFIER = "";
				SDKROOT = iphoneos;
				SWIFT_EMIT_LOC_STRINGS = YES;
				SWIFT_VERSION = 5.0;
				TARGETED_DEVICE_FAMILY = "1,2";
			};
			name = Debug;
		};
		207D3DDC2812AD5700FC4C77 /* Release */ = {
			isa = XCBuildConfiguration;
			buildSettings = {
				ASSETCATALOG_COMPILER_APPICON_NAME = AppIcon;
				ASSETCATALOG_COMPILER_GLOBAL_ACCENT_COLOR_NAME = AccentColor;
				CODE_SIGN_STYLE = Manual;
				CURRENT_PROJECT_VERSION = 1;
				DEVELOPMENT_TEAM = "";
				GENERATE_INFOPLIST_FILE = YES;
				INFOPLIST_KEY_CFBundleDisplayName = PEMSuperKoalio;
				INFOPLIST_KEY_UIApplicationSupportsIndirectInputEvents = YES;
				INFOPLIST_KEY_UILaunchStoryboardName = LaunchScreen;
				INFOPLIST_KEY_UIMainStoryboardFile = Main;
				INFOPLIST_KEY_UIRequiresFullScreen = YES;
				INFOPLIST_KEY_UIStatusBarHidden = YES;
				INFOPLIST_KEY_UISupportedInterfaceOrientations = "UIInterfaceOrientationLandscapeLeft UIInterfaceOrientationLandscapeRight";
				INFOPLIST_KEY_UISupportedInterfaceOrientations_iPad = "UIInterfaceOrientationPortrait UIInterfaceOrientationPortraitUpsideDown UIInterfaceOrientationLandscapeLeft UIInterfaceOrientationLandscapeRight";
				INFOPLIST_KEY_UISupportedInterfaceOrientations_iPhone = "UIInterfaceOrientationPortrait UIInterfaceOrientationLandscapeLeft UIInterfaceOrientationLandscapeRight";
				LD_RUNPATH_SEARCH_PATHS = (
					"$(inherited)",
					"@executable_path/Frameworks",
				);
				MARKETING_VERSION = 1.1;
				PROVISIONING_PROFILE_SPECIFIER = "";
				SDKROOT = iphoneos;
				SWIFT_EMIT_LOC_STRINGS = YES;
				SWIFT_VERSION = 5.0;
				TARGETED_DEVICE_FAMILY = "1,2";
				VALIDATE_PRODUCT = YES;
			};
			name = Release;
		};
		207D3DDE2812AD5700FC4C77 /* Debug */ = {
			isa = XCBuildConfiguration;
			buildSettings = {
				ASSETCATALOG_COMPILER_APPICON_NAME = AppIcon;
				ASSETCATALOG_COMPILER_GLOBAL_ACCENT_COLOR_NAME = AccentColor;
				CODE_SIGN_IDENTITY = "-";
				CODE_SIGN_STYLE = Manual;
				COMBINE_HIDPI_IMAGES = NO;
				CURRENT_PROJECT_VERSION = 1;
				DEVELOPMENT_TEAM = "";
				ENABLE_HARDENED_RUNTIME = YES;
				GENERATE_INFOPLIST_FILE = YES;
				INFOPLIST_KEY_CFBundleDisplayName = PEMSuperKoalio;
				INFOPLIST_KEY_LSApplicationCategoryType = "public.app-category.games";
				INFOPLIST_KEY_NSMainStoryboardFile = Main;
				INFOPLIST_KEY_NSPrincipalClass = NSApplication;
				LD_RUNPATH_SEARCH_PATHS = (
					"$(inherited)",
					"@executable_path/../Frameworks",
				);
				MARKETING_VERSION = 1.1;
				PROVISIONING_PROFILE_SPECIFIER = "";
				SDKROOT = macosx;
				SWIFT_EMIT_LOC_STRINGS = YES;
				SWIFT_VERSION = 5.0;
			};
			name = Debug;
		};
		207D3DDF2812AD5700FC4C77 /* Release */ = {
			isa = XCBuildConfiguration;
			buildSettings = {
				ASSETCATALOG_COMPILER_APPICON_NAME = AppIcon;
				ASSETCATALOG_COMPILER_GLOBAL_ACCENT_COLOR_NAME = AccentColor;
				CODE_SIGN_IDENTITY = "-";
				CODE_SIGN_STYLE = Manual;
				COMBINE_HIDPI_IMAGES = NO;
				CURRENT_PROJECT_VERSION = 1;
				DEVELOPMENT_TEAM = "";
				ENABLE_HARDENED_RUNTIME = YES;
				GENERATE_INFOPLIST_FILE = YES;
				INFOPLIST_KEY_CFBundleDisplayName = PEMSuperKoalio;
				INFOPLIST_KEY_LSApplicationCategoryType = "public.app-category.games";
				INFOPLIST_KEY_NSMainStoryboardFile = Main;
				INFOPLIST_KEY_NSPrincipalClass = NSApplication;
				LD_RUNPATH_SEARCH_PATHS = (
					"$(inherited)",
					"@executable_path/../Frameworks",
				);
				MARKETING_VERSION = 1.1;
				PROVISIONING_PROFILE_SPECIFIER = "";
				SDKROOT = macosx;
				SWIFT_EMIT_LOC_STRINGS = YES;
				SWIFT_VERSION = 5.0;
			};
			name = Release;
		};
/* End XCBuildConfiguration section */

/* Begin XCConfigurationList section */
		2037A5E728258C4A00E13452 /* Build configuration list for PBXNativeTarget "tvOS version" */ = {
			isa = XCConfigurationList;
			buildConfigurations = (
				2037A5E828258C4A00E13452 /* Debug */,
				2037A5E928258C4A00E13452 /* Release */,
			);
			defaultConfigurationIsVisible = 0;
			defaultConfigurationName = Release;
		};
		207D3DAB2812AD5600FC4C77 /* Build configuration list for PBXProject "PEMSuperKoalio" */ = {
			isa = XCConfigurationList;
			buildConfigurations = (
				207D3DD82812AD5700FC4C77 /* Debug */,
				207D3DD92812AD5700FC4C77 /* Release */,
			);
			defaultConfigurationIsVisible = 0;
			defaultConfigurationName = Release;
		};
		207D3DDA2812AD5700FC4C77 /* Build configuration list for PBXNativeTarget "iOS version" */ = {
			isa = XCConfigurationList;
			buildConfigurations = (
				207D3DDB2812AD5700FC4C77 /* Debug */,
				207D3DDC2812AD5700FC4C77 /* Release */,
			);
			defaultConfigurationIsVisible = 0;
			defaultConfigurationName = Release;
		};
		207D3DDD2812AD5700FC4C77 /* Build configuration list for PBXNativeTarget "macOS version" */ = {
			isa = XCConfigurationList;
			buildConfigurations = (
				207D3DDE2812AD5700FC4C77 /* Debug */,
				207D3DDF2812AD5700FC4C77 /* Release */,
			);
			defaultConfigurationIsVisible = 0;
			defaultConfigurationName = Release;
		};
/* End XCConfigurationList section */

/* Begin XCRemoteSwiftPackageReference section */
		201F5D32286C470300C435AF /* XCRemoteSwiftPackageReference "PEMTileMap" */ = {
			isa = XCRemoteSwiftPackageReference;
			repositoryURL = "https://github.com/hotdogsoup-nl/PEMTileMap.git";
			requirement = {
				branch = master;
				kind = branch;
			};
		};
/* End XCRemoteSwiftPackageReference section */

/* Begin XCSwiftPackageProductDependency section */
		201F5D33286C470300C435AF /* PEMTileMap */ = {
			isa = XCSwiftPackageProductDependency;
			package = 201F5D32286C470300C435AF /* XCRemoteSwiftPackageReference "PEMTileMap" */;
			productName = PEMTileMap;
		};
		201F5D36286C471D00C435AF /* PEMTileMap */ = {
			isa = XCSwiftPackageProductDependency;
			package = 201F5D32286C470300C435AF /* XCRemoteSwiftPackageReference "PEMTileMap" */;
			productName = PEMTileMap;
		};
		201F5D39286C472500C435AF /* PEMTileMap */ = {
			isa = XCSwiftPackageProductDependency;
			package = 201F5D32286C470300C435AF /* XCRemoteSwiftPackageReference "PEMTileMap" */;
			productName = PEMTileMap;
		};
/* End XCSwiftPackageProductDependency section */
	};
	rootObject = 207D3DA82812AD5600FC4C77 /* Project object */;
}
