{
  "pins" : [
    {
      "identity" : "pemtilemap",
      "kind" : "remoteSourceControl",
      "location" : "https://gitlab.com/mrzystem/pemtilemap.git",
      "state" : {
        "branch" : "develop",
        "revision" : "fb7af073abf95afb72d5a964740f6030ca8c792f"
      }
    }
  ],
  "version" : 2
}
