{
  "pins" : [
    {
      "identity" : "pemtilemap",
      "kind" : "remoteSourceControl",
      "location" : "https://gitlab.com/mrzystem/pemtilemap.git",
      "state" : {
        "branch" : "develop",
        "revision" : "50ba6067fd3d1764de78582f0f1a3caac2114ea4"
      }
    }
  ],
  "version" : 2
}
